{
  "name": "bytegroup",
  "version": "1.0.0",
  "lockfileVersion": 1,
  "requires": true,
  "dependencies": {
    "highcharts": {
      "version": "8.1.2",
      "resolved": "https://registry.npmjs.org/highcharts/-/highcharts-8.1.2.tgz",
      "integrity": "sha512-Q124Lj+2+bVY2MKMd7d8uSVAmhZVzWgknUUzUBEC27S94dCyK6PBgahuwiMP/ET4w7qSFBBi4OC77ZUb0Vnuyg=="
    },
    "highcharts-react-official": {
      "version": "3.0.0",
      "resolved": "https://registry.npmjs.org/highcharts-react-official/-/highcharts-react-official-3.0.0.tgz",
      "integrity": "sha512-VefJgDY2hkT9gfppsQGrRF2g5u8d9dtfHGcx2/xqiP+PkZXCqalw9xOeKVCRvJKTOh0coiDFwvVjOvB7KaGl4A=="
    },
    "moment": {
      "version": "2.27.0",
      "resolved": "https://registry.npmjs.org/moment/-/moment-2.27.0.tgz",
      "integrity": "sha512-al0MUK7cpIcglMv3YF13qSgdAIqxHTO7brRtaz3DlSULbqfazqkc5kEjNrLDOM7fsjshoFIihnU8snrP7zUvhQ=="
    },
    "react-moment": {
      "version": "0.9.7",
      "resolved": "https://registry.npmjs.org/react-moment/-/react-moment-0.9.7.tgz",
      "integrity": "sha512-ifzUrUGF6KRsUN2pRG5k56kO0mJBr8kRkWb0wNvtFIsBIxOuPxhUpL1YlXwpbQCbHq23hUu6A0VEk64HsFxk9g=="
    }
  }
}
